
Microsoft Visual Studio Solution File, Format Version 12.00
# Visual Studio Version 17
VisualStudioVersion = 17.10.35027.167
MinimumVisualStudioVersion = 10.0.40219.1
Project("{FAE04EC0-301F-11D3-BF4B-00C04F79EFBC}") = "PratikIlkMetotUygulamamız", "PratikIlkMetotUygulamamız\PratikIlkMetotUygulamamız.csproj", "{B623A46F-DB43-4AD8-9A9E-D28B90E82CCC}"
EndProject
Global
	GlobalSection(SolutionConfigurationPlatforms) = preSolution
		Debug|Any CPU = Debug|Any CPU
		Release|Any CPU = Release|Any CPU
	EndGlobalSection
	GlobalSection(ProjectConfigurationPlatforms) = postSolution
		{B623A46F-DB43-4AD8-9A9E-D28B90E82CCC}.Debug|Any CPU.ActiveCfg = Debug|Any CPU
		{B623A46F-DB43-4AD8-9A9E-D28B90E82CCC}.Debug|Any CPU.Build.0 = Debug|Any CPU
		{B623A46F-DB43-4AD8-9A9E-D28B90E82CCC}.Release|Any CPU.ActiveCfg = Release|Any CPU
		{B623A46F-DB43-4AD8-9A9E-D28B90E82CCC}.Release|Any CPU.Build.0 = Release|Any CPU
	EndGlobalSection
	GlobalSection(SolutionProperties) = preSolution
		HideSolutionNode = FALSE
	EndGlobalSection
	GlobalSection(ExtensibilityGlobals) = postSolution
		SolutionGuid = {ADE907E1-BE7F-4441-BB6A-CA7A74A3FF2E}
	EndGlobalSection
EndGlobal
